fortio.org/assert v1.2.0 h1:XscfvR8yp4xW7OMCvNbCsieRFDxlwdEcb69+JZRp6LA=
fortio.org/assert v1.2.0/go.mod h1:039mG+/iYDPO8Ibx8TrNuJCm2T2SuhwRI3uL9nHTTls=
fortio.org/log v1.11.0 h1:w7ueGPGbXz0A3+ApMz/5Q9gwEMrwSo/ohTlLo2Um6dU=
fortio.org/log v1.11.0/go.mod h1:u/8/2lyczXq52aT5Nw6reD+3cR6m/EbS2jBiIYhgiTU=
